
Microsoft Visual Studio Solution File, Format Version 12.00
# Visual Studio 15
VisualStudioVersion = 15.0.27703.2042
MinimumVisualStudioVersion = 10.0.40219.1
Project("{FAE04EC0-301F-11D3-BF4B-00C04F79EFBC}") = "NicolauTheme", "src\NicolauTheme\NicolauTheme.csproj", "{FC508337-0212-4F3B-88FE-5C9FF09F4D47}"
EndProject
Project("{FAE04EC0-301F-11D3-BF4B-00C04F79EFBC}") = "NicolauHack", "src\NicolauHack\NicolauHack.csproj", "{F4241D01-CE34-4011-BB10-3FA1CDBCC306}"
EndProject
Global
	GlobalSection(SolutionConfigurationPlatforms) = preSolution
		Debug|Any CPU = Debug|Any CPU
		Release|Any CPU = Release|Any CPU
	EndGlobalSection
	GlobalSection(ProjectConfigurationPlatforms) = postSolution
		{FC508337-0212-4F3B-88FE-5C9FF09F4D47}.Debug|Any CPU.ActiveCfg = Debug|Any CPU
		{FC508337-0212-4F3B-88FE-5C9FF09F4D47}.Debug|Any CPU.Build.0 = Debug|Any CPU
		{FC508337-0212-4F3B-88FE-5C9FF09F4D47}.Release|Any CPU.ActiveCfg = Release|Any CPU
		{FC508337-0212-4F3B-88FE-5C9FF09F4D47}.Release|Any CPU.Build.0 = Release|Any CPU
		{F4241D01-CE34-4011-BB10-3FA1CDBCC306}.Debug|Any CPU.ActiveCfg = Debug|Any CPU
		{F4241D01-CE34-4011-BB10-3FA1CDBCC306}.Debug|Any CPU.Build.0 = Debug|Any CPU
		{F4241D01-CE34-4011-BB10-3FA1CDBCC306}.Release|Any CPU.ActiveCfg = Release|Any CPU
		{F4241D01-CE34-4011-BB10-3FA1CDBCC306}.Release|Any CPU.Build.0 = Release|Any CPU
	EndGlobalSection
	GlobalSection(SolutionProperties) = preSolution
		HideSolutionNode = FALSE
	EndGlobalSection
	GlobalSection(ExtensibilityGlobals) = postSolution
		SolutionGuid = {D3BC1352-6A46-471F-B760-3DD00C64BA67}
	EndGlobalSection
EndGlobal
